
Microsoft Visual Studio Solution File, Format Version 12.00
# Visual Studio Version 17
VisualStudioVersion = 17.11.35303.130
MinimumVisualStudioVersion = 10.0.40219.1
Project("{FAE04EC0-301F-11D3-BF4B-00C04F79EFBC}") = "BMIDemo", "BMIDemo\BMIDemo.csproj", "{5283F5F9-CD8D-414E-B54B-818AEF2DC677}"
EndProject
Global
	GlobalSection(SolutionConfigurationPlatforms) = preSolution
		Debug|Any CPU = Debug|Any CPU
		Release|Any CPU = Release|Any CPU
	EndGlobalSection
	GlobalSection(ProjectConfigurationPlatforms) = postSolution
		{5283F5F9-CD8D-414E-B54B-818AEF2DC677}.Debug|Any CPU.ActiveCfg = Debug|Any CPU
		{5283F5F9-CD8D-414E-B54B-818AEF2DC677}.Debug|Any CPU.Build.0 = Debug|Any CPU
		{5283F5F9-CD8D-414E-B54B-818AEF2DC677}.Debug|Any CPU.Deploy.0 = Debug|Any CPU
		{5283F5F9-CD8D-414E-B54B-818AEF2DC677}.Release|Any CPU.ActiveCfg = Release|Any CPU
		{5283F5F9-CD8D-414E-B54B-818AEF2DC677}.Release|Any CPU.Build.0 = Release|Any CPU
		{5283F5F9-CD8D-414E-B54B-818AEF2DC677}.Release|Any CPU.Deploy.0 = Release|Any CPU
	EndGlobalSection
	GlobalSection(SolutionProperties) = preSolution
		HideSolutionNode = FALSE
	EndGlobalSection
	GlobalSection(ExtensibilityGlobals) = postSolution
		SolutionGuid = {A45F933A-9AC7-4903-95F3-755CACFFB435}
	EndGlobalSection
EndGlobal
